github.com/scrouthtv/flowsolver/internal/game v0.0.0-20210728081957-b6f2d7797d6f h1:o8Wk+o3QT/14KawACBCKW6WMbVDIIAwCyaTF4vNj4dc=
github.com/scrouthtv/flowsolver/internal/game v0.0.0-20210728081957-b6f2d7797d6f/go.mod h1:JAM8+u5Fv0VgKXJZG2R1wJEsZMwQJ/X5+rq7s7gNz7w=
github.com/scrouthtv/flowsolver/internal/game v0.0.0-20210728090818-3d033020f9a6 h1:BCGZ8Hfe8N2IiNQPbe7x0xwrW8lcTUPvF6MJixsU4ME=
github.com/scrouthtv/flowsolver/internal/game v0.0.0-20210728090818-3d033020f9a6/go.mod h1:JAM8+u5Fv0VgKXJZG2R1wJEsZMwQJ/X5+rq7s7gNz7w=
